// !$*UTF8*$!
{
	archiveVersion = 1;
	classes = {
	};
	objectVersion = 46;
	objects = {

/* Begin PBXBuildFile section */
		281835A21C46E46A00CF26CA /* AppDelegate.swift in Sources */ = {isa = PBXBuildFile; fileRef = 281835A11C46E46A00CF26CA /* AppDelegate.swift */; };
		281835A41C46E46A00CF26CA /* ViewController.swift in Sources */ = {isa = PBXBuildFile; fileRef = 281835A31C46E46A00CF26CA /* ViewController.swift */; };
		281835A71C46E46A00CF26CA /* Main.storyboard in Resources */ = {isa = PBXBuildFile; fileRef = 281835A51C46E46A00CF26CA /* Main.storyboard */; };
		281835A91C46E46A00CF26CA /* Assets.xcassets in Resources */ = {isa = PBXBuildFile; fileRef = 281835A81C46E46A00CF26CA /* Assets.xcassets */; };
		281835AC1C46E46A00CF26CA /* LaunchScreen.storyboard in Resources */ = {isa = PBXBuildFile; fileRef = 281835AA1C46E46A00CF26CA /* LaunchScreen.storyboard */; };
		281835B41C46E48D00CF26CA /* Datos.swift in Sources */ = {isa = PBXBuildFile; fileRef = 281835B31C46E48D00CF26CA /* Datos.swift */; };
/* End PBXBuildFile section */

/* Begin PBXFileReference section */
		2818359E1C46E46A00CF26CA /* Hamburguesas.app */ = {isa = PBXFileReference; explicitFileType = wrapper.application; includeInIndex = 0; path = Hamburguesas.app; sourceTree = BUILT_PRODUCTS_DIR; };
		281835A11C46E46A00CF26CA /* AppDelegate.swift */ = {isa = PBXFileReference; lastKnownFileType = sourcecode.swift; path = AppDelegate.swift; sourceTree = "<group>"; };
		281835A31C46E46A00CF26CA /* ViewController.swift */ = {isa = PBXFileReference; lastKnownFileType = sourcecode.swift; path = ViewController.swift; sourceTree = "<group>"; };
		281835A61C46E46A00CF26CA /* Base */ = {isa = PBXFileReference; lastKnownFileType = file.storyboard; name = Base; path = Base.lproj/Main.storyboard; sourceTree = "<group>"; };
		281835A81C46E46A00CF26CA /* Assets.xcassets */ = {isa = PBXFileReference; lastKnownFileType = folder.assetcatalog; path = Assets.xcassets; sourceTree = "<group>"; };
		281835AB1C46E46A00CF26CA /* Base */ = {isa = PBXFileReference; lastKnownFileType = file.storyboard; name = Base; path = Base.lproj/LaunchScreen.storyboard; sourceTree = "<group>"; };
		281835AD1C46E46A00CF26CA /* Info.plist */ = {isa = PBXFileReference; lastKnownFileType = text.plist.xml; path = Info.plist; sourceTree = "<group>"; };
		281835B31C46E48D00CF26CA /* Datos.swift */ = {isa = PBXFileReference; fileEncoding = 4; lastKnownFileType = sourcecode.swift; path = Datos.swift; sourceTree = "<group>"; };
/* End PBXFileReference section */

/* Begin PBXFrameworksBuildPhase section */
		2818359B1C46E46A00CF26CA /* Frameworks */ = {
			isa = PBXFrameworksBuildPhase;
			buildActionMask = 2147483647;
			files = (
			);
			runOnlyForDeploymentPostprocessing = 0;
		};
/* End PBXFrameworksBuildPhase section */

/* Begin PBXGroup section */
		281835951C46E46A00CF26CA = {
			isa = PBXGroup;
			children = (
				281835B31C46E48D00CF26CA /* Datos.swift */,
				281835A01C46E46A00CF26CA /* Hamburguesas */,
				2818359F1C46E46A00CF26CA /* Products */,
			);
			sourceTree = "<group>";
		};
		2818359F1C46E46A00CF26CA /* Products */ = {
			isa = PBXGroup;
			children = (
				2818359E1C46E46A00CF26CA /* Hamburguesas.app */,
			);
			name = Products;
			sourceTree = "<group>";
		};
		281835A01C46E46A00CF26CA /* Hamburguesas */ = {
			isa = PBXGroup;
			children = (
				281835A11C46E46A00CF26CA /* AppDelegate.swift */,
				281835A31C46E46A00CF26CA /* ViewController.swift */,
				281835A51C46E46A00CF26CA /* Main.storyboard */,
				281835A81C46E46A00CF26CA /* Assets.xcassets */,
				281835AA1C46E46A00CF26CA /* LaunchScreen.storyboard */,
				281835AD1C46E46A00CF26CA /* Info.plist */,
			);
			path = Hamburguesas;
			sourceTree = "<group>";
		};
/* End PBXGroup section */

/* Begin PBXNativeTarget section */
		2818359D1C46E46A00CF26CA /* Hamburguesas */ = {
			isa = PBXNativeTarget;
			buildConfigurationList = 281835B01C46E46A00CF26CA /* Build configuration list for PBXNativeTarget "Hamburguesas" */;
			buildPhases = (
				2818359A1C46E46A00CF26CA /* Sources */,
				2818359B1C46E46A00CF26CA /* Frameworks */,
				2818359C1C46E46A00CF26CA /* Resources */,
			);
			buildRules = (
			);
			dependencies = (
			);
			name = Hamburguesas;
			productName = Hamburguesas;
			productReference = 2818359E1C46E46A00CF26CA /* Hamburguesas.app */;
			productType = "com.apple.product-type.application";
		};
/* End PBXNativeTarget section */

/* Begin PBXProject section */
		281835961C46E46A00CF26CA /* Project object */ = {
			isa = PBXProject;
			attributes = {
				LastSwiftUpdateCheck = 0710;
				LastUpgradeCheck = 0710;
				ORGANIZATIONNAME = "Billy Rangel";
				TargetAttributes = {
					2818359D1C46E46A00CF26CA = {
						CreatedOnToolsVersion = 7.1;
					};
				};
			};
			buildConfigurationList = 281835991C46E46A00CF26CA /* Build configuration list for PBXProject "Hamburguesas" */;
			compatibilityVersion = "Xcode 3.2";
			developmentRegion = English;
			hasScannedForEncodings = 0;
			knownRegions = (
				en,
				Base,
			);
			mainGroup = 281835951C46E46A00CF26CA;
			productRefGroup = 2818359F1C46E46A00CF26CA /* Products */;
			projectDirPath = "";
			projectRoot = "";
			targets = (
				2818359D1C46E46A00CF26CA /* Hamburguesas */,
			);
		};
/* End PBXProject section */

/* Begin PBXResourcesBuildPhase section */
		2818359C1C46E46A00CF26CA /* Resources */ = {
			isa = PBXResourcesBuildPhase;
			buildActionMask = 2147483647;
			files = (
				281835AC1C46E46A00CF26CA /* LaunchScreen.storyboard in Resources */,
				281835A91C46E46A00CF26CA /* Assets.xcassets in Resources */,
				281835A71C46E46A00CF26CA /* Main.storyboard in Resources */,
			);
			runOnlyForDeploymentPostprocessing = 0;
		};
/* End PBXResourcesBuildPhase section */

/* Begin PBXSourcesBuildPhase section */
		2818359A1C46E46A00CF26CA /* Sources */ = {
			isa = PBXSourcesBuildPhase;
			buildActionMask = 2147483647;
			files = (
				281835A41C46E46A00CF26CA /* ViewController.swift in Sources */,
				281835A21C46E46A00CF26CA /* AppDelegate.swift in Sources */,
				281835B41C46E48D00CF26CA /* Datos.swift in Sources */,
			);
			runOnlyForDeploymentPostprocessing = 0;
		};
/* End PBXSourcesBuildPhase section */

/* Begin PBXVariantGroup section */
		281835A51C46E46A00CF26CA /* Main.storyboard */ = {
			isa = PBXVariantGroup;
			children = (
				281835A61C46E46A00CF26CA /* Base */,
			);
			name = Main.storyboard;
			sourceTree = "<group>";
		};
		281835AA1C46E46A00CF26CA /* LaunchScreen.storyboard */ = {
			isa = PBXVariantGroup;
			children = (
				281835AB1C46E46A00CF26CA /* Base */,
			);
			name = LaunchScreen.storyboard;
			sourceTree = "<group>";
		};
/* End PBXVariantGroup section */

/* Begin XCBuildConfiguration section */
		281835AE1C46E46A00CF26CA /* Debug */ = {
			isa = XCBuildConfiguration;
			buildSettings = {
				ALWAYS_SEARCH_USER_PATHS = NO;
				CLANG_CXX_LANGUAGE_STANDARD = "gnu++0x";
				CLANG_CXX_LIBRARY = "libc++";
				CLANG_ENABLE_MODULES = YES;
				CLANG_ENABLE_OBJC_ARC = YES;
				CLANG_WARN_BOOL_CONVERSION = YES;
				CLANG_WARN_CONSTANT_CONVERSION = YES;
				CLANG_WARN_DIRECT_OBJC_ISA_USAGE = YES_ERROR;
				CLANG_WARN_EMPTY_BODY = YES;
				CLANG_WARN_ENUM_CONVERSION = YES;
				CLANG_WARN_INT_CONVERSION = YES;
				CLANG_WARN_OBJC_ROOT_CLASS = YES_ERROR;
				CLANG_WARN_UNREACHABLE_CODE = YES;
				CLANG_WARN__DUPLICATE_METHOD_MATCH = YES;
				"CODE_SIGN_IDENTITY[sdk=iphoneos*]" = "iPhone Developer";
				COPY_PHASE_STRIP = NO;
				DEBUG_INFORMATION_FORMAT = dwarf;
				ENABLE_STRICT_OBJC_MSGSEND = YES;
				ENABLE_TESTABILITY = YES;
				GCC_C_LANGUAGE_STANDARD = gnu99;
				GCC_DYNAMIC_NO_PIC = NO;
				GCC_NO_COMMON_BLOCKS = YES;
				GCC_OPTIMIZATION_LEVEL = 0;
				GCC_PREPROCESSOR_DEFINITIONS = (
					"DEBUG=1",
					"$(inherited)",
				);
				GCC_WARN_64_TO_32_BIT_CONVERSION = YES;
				GCC_WARN_ABOUT_RETURN_TYPE = YES_ERROR;
				GCC_WARN_UNDECLARED_SELECTOR = YES;
				GCC_WARN_UNINITIALIZED_AUTOS = YES_AGGRESSIVE;
				GCC_WARN_UNUSED_FUNCTION = YES;
				GCC_WARN_UNUSED_VARIABLE = YES;
				IPHONEOS_DEPLOYMENT_TARGET = 9.1;
				MTL_ENABLE_DEBUG_INFO = YES;
				ONLY_ACTIVE_ARCH = YES;
				SDKROOT = iphoneos;
				SWIFT_OPTIMIZATION_LEVEL = "-Onone";
				TARGETED_DEVICE_FAMILY = "1,2";
			};
			name = Debug;
		};
		281835AF1C46E46A00CF26CA /* Release */ = {
			isa = XCBuildConfiguration;
			buildSettings = {
				ALWAYS_SEARCH_USER_PATHS = NO;
				CLANG_CXX_LANGUAGE_STANDARD = "gnu++0x";
				CLANG_CXX_LIBRARY = "libc++";
				CLANG_ENABLE_MODULES = YES;
				CLANG_ENABLE_OBJC_ARC = YES;
				CLANG_WARN_BOOL_CONVERSION = YES;
				CLANG_WARN_CONSTANT_CONVERSION = YES;
				CLANG_WARN_DIRECT_OBJC_ISA_USAGE = YES_ERROR;
				CLANG_WARN_EMPTY_BODY = YES;
				CLANG_WARN_ENUM_CONVERSION = YES;
				CLANG_WARN_INT_CONVERSION = YES;
				CLANG_WARN_OBJC_ROOT_CLASS = YES_ERROR;
				CLANG_WARN_UNREACHABLE_CODE = YES;
				CLANG_WARN__DUPLICATE_METHOD_MATCH = YES;
				"CODE_SIGN_IDENTITY[sdk=iphoneos*]" = "iPhone Developer";
				COPY_PHASE_STRIP = NO;
				DEBUG_INFORMATION_FORMAT = "dwarf-with-dsym";
				ENABLE_NS_ASSERTIONS = NO;
				ENABLE_STRICT_OBJC_MSGSEND = YES;
				GCC_C_LANGUAGE_STANDARD = gnu99;
				GCC_NO_COMMON_BLOCKS = YES;
				GCC_WARN_64_TO_32_BIT_CONVERSION = YES;
				GCC_WARN_ABOUT_RETURN_TYPE = YES_ERROR;
				GCC_WARN_UNDECLARED_SELECTOR = YES;
				GCC_WARN_UNINITIALIZED_AUTOS = YES_AGGRESSIVE;
				GCC_WARN_UNUSED_FUNCTION = YES;
				GCC_WARN_UNUSED_VARIABLE = YES;
				IPHONEOS_DEPLOYMENT_TARGET = 9.1;
				MTL_ENABLE_DEBUG_INFO = NO;
				SDKROOT = iphoneos;
				TARGETED_DEVICE_FAMILY = "1,2";
				VALIDATE_PRODUCT = YES;
			};
			name = Release;
		};
		281835B11C46E46A00CF26CA /* Debug */ = {
			isa = XCBuildConfiguration;
			buildSettings = {
				ASSETCATALOG_COMPILER_APPICON_NAME = AppIcon;
				INFOPLIST_FILE = Hamburguesas/Info.plist;
				LD_RUNPATH_SEARCH_PATHS = "$(inherited) @executable_path/Frameworks";
				PRODUCT_BUNDLE_IDENTIFIER = billy.Hamburguesas;
				PRODUCT_NAME = "$(TARGET_NAME)";
			};
			name = Debug;
		};
		281835B21C46E46A00CF26CA /* Release */ = {
			isa = XCBuildConfiguration;
			buildSettings = {
				ASSETCATALOG_COMPILER_APPICON_NAME = AppIcon;
				INFOPLIST_FILE = Hamburguesas/Info.plist;
				LD_RUNPATH_SEARCH_PATHS = "$(inherited) @executable_path/Frameworks";
				PRODUCT_BUNDLE_IDENTIFIER = billy.Hamburguesas;
				PRODUCT_NAME = "$(TARGET_NAME)";
			};
			name = Release;
		};
/* End XCBuildConfiguration section */

/* Begin XCConfigurationList section */
		281835991C46E46A00CF26CA /* Build configuration list for PBXProject "Hamburguesas" */ = {
			isa = XCConfigurationList;
			buildConfigurations = (
				281835AE1C46E46A00CF26CA /* Debug */,
				281835AF1C46E46A00CF26CA /* Release */,
			);
			defaultConfigurationIsVisible = 0;
			defaultConfigurationName = Release;
		};
		281835B01C46E46A00CF26CA /* Build configuration list for PBXNativeTarget "Hamburguesas" */ = {
			isa = XCConfigurationList;
			buildConfigurations = (
				281835B11C46E46A00CF26CA /* Debug */,
				281835B21C46E46A00CF26CA /* Release */,
			);
			defaultConfigurationIsVisible = 0;
		};
/* End XCConfigurationList section */
	};
	rootObject = 281835961C46E46A00CF26CA /* Project object */;
}
