// !$*UTF8*$!
{
	archiveVersion = 1;
	classes = {
	};
	objectVersion = 46;
	objects = {

/* Begin PBXBuildFile section */
		2818F7501C619F2A002E4615 /* DetallesViewController.swift in Sources */ = {isa = PBXBuildFile; fileRef = 2818F74F1C619F2A002E4615 /* DetallesViewController.swift */; };
		282046101C6529720077C7E6 /* OpenLibrary.xcdatamodeld in Sources */ = {isa = PBXBuildFile; fileRef = 2820460E1C6529720077C7E6 /* OpenLibrary.xcdatamodeld */; };
		2855179C1C61DD060002CE33 /* InicialViewController.swift in Sources */ = {isa = PBXBuildFile; fileRef = 2855179B1C61DD060002CE33 /* InicialViewController.swift */; };
		285517A01C61EB410002CE33 /* Helper.swift in Sources */ = {isa = PBXBuildFile; fileRef = 2855179F1C61EB410002CE33 /* Helper.swift */; };
		285F26561C66D17B00584A57 /* CoreDataStack.swift in Sources */ = {isa = PBXBuildFile; fileRef = 285F26551C66D17B00584A57 /* CoreDataStack.swift */; };
		289412941C680214007A3110 /* Libro+CoreDataProperties.swift in Sources */ = {isa = PBXBuildFile; fileRef = 289412901C680214007A3110 /* Libro+CoreDataProperties.swift */; };
		289412951C680214007A3110 /* Libro.swift in Sources */ = {isa = PBXBuildFile; fileRef = 289412911C680214007A3110 /* Libro.swift */; };
		289412961C680214007A3110 /* Autor+CoreDataProperties.swift in Sources */ = {isa = PBXBuildFile; fileRef = 289412921C680214007A3110 /* Autor+CoreDataProperties.swift */; };
		289412971C680214007A3110 /* Autor.swift in Sources */ = {isa = PBXBuildFile; fileRef = 289412931C680214007A3110 /* Autor.swift */; };
		28A99D001C6286450038B328 /* SwiftyJSON.swift in Sources */ = {isa = PBXBuildFile; fileRef = 28A99CFF1C6286450038B328 /* SwiftyJSON.swift */; };
		28A99D021C62A9580038B328 /* libroCell.swift in Sources */ = {isa = PBXBuildFile; fileRef = 28A99D011C62A9580038B328 /* libroCell.swift */; };
		28F3A2351C472ED6007C1453 /* AppDelegate.swift in Sources */ = {isa = PBXBuildFile; fileRef = 28F3A2341C472ED6007C1453 /* AppDelegate.swift */; };
		28F3A2371C472ED6007C1453 /* BusquedaViewController.swift in Sources */ = {isa = PBXBuildFile; fileRef = 28F3A2361C472ED6007C1453 /* BusquedaViewController.swift */; };
		28F3A23A1C472ED6007C1453 /* Main.storyboard in Resources */ = {isa = PBXBuildFile; fileRef = 28F3A2381C472ED6007C1453 /* Main.storyboard */; };
		28F3A23C1C472ED6007C1453 /* Assets.xcassets in Resources */ = {isa = PBXBuildFile; fileRef = 28F3A23B1C472ED6007C1453 /* Assets.xcassets */; };
		28F3A23F1C472ED6007C1453 /* LaunchScreen.storyboard in Resources */ = {isa = PBXBuildFile; fileRef = 28F3A23D1C472ED6007C1453 /* LaunchScreen.storyboard */; };
/* End PBXBuildFile section */

/* Begin PBXFileReference section */
		2818F74F1C619F2A002E4615 /* DetallesViewController.swift */ = {isa = PBXFileReference; fileEncoding = 4; lastKnownFileType = sourcecode.swift; path = DetallesViewController.swift; sourceTree = "<group>"; };
		2820460F1C6529720077C7E6 /* OpenLibrary.xcdatamodel */ = {isa = PBXFileReference; lastKnownFileType = wrapper.xcdatamodel; path = OpenLibrary.xcdatamodel; sourceTree = "<group>"; };
		2855179B1C61DD060002CE33 /* InicialViewController.swift */ = {isa = PBXFileReference; fileEncoding = 4; lastKnownFileType = sourcecode.swift; path = InicialViewController.swift; sourceTree = "<group>"; };
		2855179F1C61EB410002CE33 /* Helper.swift */ = {isa = PBXFileReference; fileEncoding = 4; lastKnownFileType = sourcecode.swift; path = Helper.swift; sourceTree = "<group>"; };
		285F26551C66D17B00584A57 /* CoreDataStack.swift */ = {isa = PBXFileReference; fileEncoding = 4; lastKnownFileType = sourcecode.swift; path = CoreDataStack.swift; sourceTree = "<group>"; };
		2894128E1C67F8AD007A3110 /* Info.plist */ = {isa = PBXFileReference; fileEncoding = 4; lastKnownFileType = text.plist.xml; path = Info.plist; sourceTree = "<group>"; };
		289412901C680214007A3110 /* Libro+CoreDataProperties.swift */ = {isa = PBXFileReference; fileEncoding = 4; lastKnownFileType = sourcecode.swift; path = "Libro+CoreDataProperties.swift"; sourceTree = "<group>"; };
		289412911C680214007A3110 /* Libro.swift */ = {isa = PBXFileReference; fileEncoding = 4; lastKnownFileType = sourcecode.swift; path = Libro.swift; sourceTree = "<group>"; };
		289412921C680214007A3110 /* Autor+CoreDataProperties.swift */ = {isa = PBXFileReference; fileEncoding = 4; lastKnownFileType = sourcecode.swift; path = "Autor+CoreDataProperties.swift"; sourceTree = "<group>"; };
		289412931C680214007A3110 /* Autor.swift */ = {isa = PBXFileReference; fileEncoding = 4; lastKnownFileType = sourcecode.swift; path = Autor.swift; sourceTree = "<group>"; };
		28A99CFF1C6286450038B328 /* SwiftyJSON.swift */ = {isa = PBXFileReference; fileEncoding = 4; lastKnownFileType = sourcecode.swift; path = SwiftyJSON.swift; sourceTree = "<group>"; };
		28A99D011C62A9580038B328 /* libroCell.swift */ = {isa = PBXFileReference; fileEncoding = 4; lastKnownFileType = sourcecode.swift; path = libroCell.swift; sourceTree = "<group>"; };
		28F3A2311C472ED6007C1453 /* OpenLibrary.app */ = {isa = PBXFileReference; explicitFileType = wrapper.application; includeInIndex = 0; path = OpenLibrary.app; sourceTree = BUILT_PRODUCTS_DIR; };
		28F3A2341C472ED6007C1453 /* AppDelegate.swift */ = {isa = PBXFileReference; lastKnownFileType = sourcecode.swift; path = AppDelegate.swift; sourceTree = "<group>"; };
		28F3A2361C472ED6007C1453 /* BusquedaViewController.swift */ = {isa = PBXFileReference; lastKnownFileType = sourcecode.swift; path = BusquedaViewController.swift; sourceTree = "<group>"; };
		28F3A2391C472ED6007C1453 /* Base */ = {isa = PBXFileReference; lastKnownFileType = file.storyboard; name = Base; path = Base.lproj/Main.storyboard; sourceTree = "<group>"; };
		28F3A23B1C472ED6007C1453 /* Assets.xcassets */ = {isa = PBXFileReference; lastKnownFileType = folder.assetcatalog; path = Assets.xcassets; sourceTree = "<group>"; };
		28F3A23E1C472ED6007C1453 /* Base */ = {isa = PBXFileReference; lastKnownFileType = file.storyboard; name = Base; path = Base.lproj/LaunchScreen.storyboard; sourceTree = "<group>"; };
/* End PBXFileReference section */

/* Begin PBXFrameworksBuildPhase section */
		28F3A22E1C472ED5007C1453 /* Frameworks */ = {
			isa = PBXFrameworksBuildPhase;
			buildActionMask = 2147483647;
			files = (
			);
			runOnlyForDeploymentPostprocessing = 0;
		};
/* End PBXFrameworksBuildPhase section */

/* Begin PBXGroup section */
		289412981C68345B007A3110 /* Clases */ = {
			isa = PBXGroup;
			children = (
				289412901C680214007A3110 /* Libro+CoreDataProperties.swift */,
				289412911C680214007A3110 /* Libro.swift */,
				289412921C680214007A3110 /* Autor+CoreDataProperties.swift */,
				289412931C680214007A3110 /* Autor.swift */,
			);
			name = Clases;
			sourceTree = "<group>";
		};
		289412991C68347D007A3110 /* Helpers */ = {
			isa = PBXGroup;
			children = (
				285F26551C66D17B00584A57 /* CoreDataStack.swift */,
				28A99CFF1C6286450038B328 /* SwiftyJSON.swift */,
				2855179F1C61EB410002CE33 /* Helper.swift */,
			);
			name = Helpers;
			sourceTree = "<group>";
		};
		28F3A2281C472ED5007C1453 = {
			isa = PBXGroup;
			children = (
				289412991C68347D007A3110 /* Helpers */,
				289412981C68345B007A3110 /* Clases */,
				28F3A2331C472ED6007C1453 /* OpenLibrary */,
				28F3A2321C472ED6007C1453 /* Products */,
			);
			sourceTree = "<group>";
		};
		28F3A2321C472ED6007C1453 /* Products */ = {
			isa = PBXGroup;
			children = (
				28F3A2311C472ED6007C1453 /* OpenLibrary.app */,
			);
			name = Products;
			sourceTree = "<group>";
		};
		28F3A2331C472ED6007C1453 /* OpenLibrary */ = {
			isa = PBXGroup;
			children = (
				28F3A2341C472ED6007C1453 /* AppDelegate.swift */,
				28F3A2361C472ED6007C1453 /* BusquedaViewController.swift */,
				28F3A2381C472ED6007C1453 /* Main.storyboard */,
				28F3A23B1C472ED6007C1453 /* Assets.xcassets */,
				28F3A23D1C472ED6007C1453 /* LaunchScreen.storyboard */,
				2818F74F1C619F2A002E4615 /* DetallesViewController.swift */,
				2855179B1C61DD060002CE33 /* InicialViewController.swift */,
				28A99D011C62A9580038B328 /* libroCell.swift */,
				2894128E1C67F8AD007A3110 /* Info.plist */,
				2820460E1C6529720077C7E6 /* OpenLibrary.xcdatamodeld */,
			);
			path = OpenLibrary;
			sourceTree = "<group>";
		};
/* End PBXGroup section */

/* Begin PBXNativeTarget section */
		28F3A2301C472ED5007C1453 /* OpenLibrary */ = {
			isa = PBXNativeTarget;
			buildConfigurationList = 28F3A2431C472ED6007C1453 /* Build configuration list for PBXNativeTarget "OpenLibrary" */;
			buildPhases = (
				28F3A22D1C472ED5007C1453 /* Sources */,
				28F3A22E1C472ED5007C1453 /* Frameworks */,
				28F3A22F1C472ED5007C1453 /* Resources */,
			);
			buildRules = (
			);
			dependencies = (
			);
			name = OpenLibrary;
			productName = OpenLibrary;
			productReference = 28F3A2311C472ED6007C1453 /* OpenLibrary.app */;
			productType = "com.apple.product-type.application";
		};
/* End PBXNativeTarget section */

/* Begin PBXProject section */
		28F3A2291C472ED5007C1453 /* Project object */ = {
			isa = PBXProject;
			attributes = {
				LastSwiftUpdateCheck = 0720;
				LastUpgradeCheck = 0720;
				ORGANIZATIONNAME = "Billy Rangel";
				TargetAttributes = {
					28F3A2301C472ED5007C1453 = {
						CreatedOnToolsVersion = 7.1;
					};
				};
			};
			buildConfigurationList = 28F3A22C1C472ED5007C1453 /* Build configuration list for PBXProject "OpenLibrary" */;
			compatibilityVersion = "Xcode 3.2";
			developmentRegion = English;
			hasScannedForEncodings = 0;
			knownRegions = (
				en,
				Base,
			);
			mainGroup = 28F3A2281C472ED5007C1453;
			productRefGroup = 28F3A2321C472ED6007C1453 /* Products */;
			projectDirPath = "";
			projectRoot = "";
			targets = (
				28F3A2301C472ED5007C1453 /* OpenLibrary */,
			);
		};
/* End PBXProject section */

/* Begin PBXResourcesBuildPhase section */
		28F3A22F1C472ED5007C1453 /* Resources */ = {
			isa = PBXResourcesBuildPhase;
			buildActionMask = 2147483647;
			files = (
				28F3A23F1C472ED6007C1453 /* LaunchScreen.storyboard in Resources */,
				28F3A23C1C472ED6007C1453 /* Assets.xcassets in Resources */,
				28F3A23A1C472ED6007C1453 /* Main.storyboard in Resources */,
			);
			runOnlyForDeploymentPostprocessing = 0;
		};
/* End PBXResourcesBuildPhase section */

/* Begin PBXSourcesBuildPhase section */
		28F3A22D1C472ED5007C1453 /* Sources */ = {
			isa = PBXSourcesBuildPhase;
			buildActionMask = 2147483647;
			files = (
				289412971C680214007A3110 /* Autor.swift in Sources */,
				285517A01C61EB410002CE33 /* Helper.swift in Sources */,
				28A99D021C62A9580038B328 /* libroCell.swift in Sources */,
				289412941C680214007A3110 /* Libro+CoreDataProperties.swift in Sources */,
				285F26561C66D17B00584A57 /* CoreDataStack.swift in Sources */,
				289412961C680214007A3110 /* Autor+CoreDataProperties.swift in Sources */,
				2855179C1C61DD060002CE33 /* InicialViewController.swift in Sources */,
				289412951C680214007A3110 /* Libro.swift in Sources */,
				2818F7501C619F2A002E4615 /* DetallesViewController.swift in Sources */,
				28F3A2371C472ED6007C1453 /* BusquedaViewController.swift in Sources */,
				28A99D001C6286450038B328 /* SwiftyJSON.swift in Sources */,
				282046101C6529720077C7E6 /* OpenLibrary.xcdatamodeld in Sources */,
				28F3A2351C472ED6007C1453 /* AppDelegate.swift in Sources */,
			);
			runOnlyForDeploymentPostprocessing = 0;
		};
/* End PBXSourcesBuildPhase section */

/* Begin PBXVariantGroup section */
		28F3A2381C472ED6007C1453 /* Main.storyboard */ = {
			isa = PBXVariantGroup;
			children = (
				28F3A2391C472ED6007C1453 /* Base */,
			);
			name = Main.storyboard;
			sourceTree = "<group>";
		};
		28F3A23D1C472ED6007C1453 /* LaunchScreen.storyboard */ = {
			isa = PBXVariantGroup;
			children = (
				28F3A23E1C472ED6007C1453 /* Base */,
			);
			name = LaunchScreen.storyboard;
			sourceTree = "<group>";
		};
/* End PBXVariantGroup section */

/* Begin XCBuildConfiguration section */
		28F3A2411C472ED6007C1453 /* Debug */ = {
			isa = XCBuildConfiguration;
			buildSettings = {
				ALWAYS_SEARCH_USER_PATHS = NO;
				CLANG_CXX_LANGUAGE_STANDARD = "gnu++0x";
				CLANG_CXX_LIBRARY = "libc++";
				CLANG_ENABLE_MODULES = YES;
				CLANG_ENABLE_OBJC_ARC = YES;
				CLANG_WARN_BOOL_CONVERSION = YES;
				CLANG_WARN_CONSTANT_CONVERSION = YES;
				CLANG_WARN_DIRECT_OBJC_ISA_USAGE = YES_ERROR;
				CLANG_WARN_EMPTY_BODY = YES;
				CLANG_WARN_ENUM_CONVERSION = YES;
				CLANG_WARN_INT_CONVERSION = YES;
				CLANG_WARN_OBJC_ROOT_CLASS = YES_ERROR;
				CLANG_WARN_UNREACHABLE_CODE = YES;
				CLANG_WARN__DUPLICATE_METHOD_MATCH = YES;
				"CODE_SIGN_IDENTITY[sdk=iphoneos*]" = "iPhone Developer";
				COPY_PHASE_STRIP = NO;
				DEBUG_INFORMATION_FORMAT = dwarf;
				ENABLE_STRICT_OBJC_MSGSEND = YES;
				ENABLE_TESTABILITY = YES;
				GCC_C_LANGUAGE_STANDARD = gnu99;
				GCC_DYNAMIC_NO_PIC = NO;
				GCC_NO_COMMON_BLOCKS = YES;
				GCC_OPTIMIZATION_LEVEL = 0;
				GCC_PREPROCESSOR_DEFINITIONS = (
					"DEBUG=1",
					"$(inherited)",
				);
				GCC_WARN_64_TO_32_BIT_CONVERSION = YES;
				GCC_WARN_ABOUT_RETURN_TYPE = YES_ERROR;
				GCC_WARN_UNDECLARED_SELECTOR = YES;
				GCC_WARN_UNINITIALIZED_AUTOS = YES_AGGRESSIVE;
				GCC_WARN_UNUSED_FUNCTION = YES;
				GCC_WARN_UNUSED_VARIABLE = YES;
				IPHONEOS_DEPLOYMENT_TARGET = 9.2;
				MTL_ENABLE_DEBUG_INFO = YES;
				ONLY_ACTIVE_ARCH = YES;
				SDKROOT = iphoneos;
				SWIFT_OPTIMIZATION_LEVEL = "-Onone";
				TARGETED_DEVICE_FAMILY = "1,2";
			};
			name = Debug;
		};
		28F3A2421C472ED6007C1453 /* Release */ = {
			isa = XCBuildConfiguration;
			buildSettings = {
				ALWAYS_SEARCH_USER_PATHS = NO;
				CLANG_CXX_LANGUAGE_STANDARD = "gnu++0x";
				CLANG_CXX_LIBRARY = "libc++";
				CLANG_ENABLE_MODULES = YES;
				CLANG_ENABLE_OBJC_ARC = YES;
				CLANG_WARN_BOOL_CONVERSION = YES;
				CLANG_WARN_CONSTANT_CONVERSION = YES;
				CLANG_WARN_DIRECT_OBJC_ISA_USAGE = YES_ERROR;
				CLANG_WARN_EMPTY_BODY = YES;
				CLANG_WARN_ENUM_CONVERSION = YES;
				CLANG_WARN_INT_CONVERSION = YES;
				CLANG_WARN_OBJC_ROOT_CLASS = YES_ERROR;
				CLANG_WARN_UNREACHABLE_CODE = YES;
				CLANG_WARN__DUPLICATE_METHOD_MATCH = YES;
				"CODE_SIGN_IDENTITY[sdk=iphoneos*]" = "iPhone Developer";
				COPY_PHASE_STRIP = NO;
				DEBUG_INFORMATION_FORMAT = "dwarf-with-dsym";
				ENABLE_NS_ASSERTIONS = NO;
				ENABLE_STRICT_OBJC_MSGSEND = YES;
				GCC_C_LANGUAGE_STANDARD = gnu99;
				GCC_NO_COMMON_BLOCKS = YES;
				GCC_WARN_64_TO_32_BIT_CONVERSION = YES;
				GCC_WARN_ABOUT_RETURN_TYPE = YES_ERROR;
				GCC_WARN_UNDECLARED_SELECTOR = YES;
				GCC_WARN_UNINITIALIZED_AUTOS = YES_AGGRESSIVE;
				GCC_WARN_UNUSED_FUNCTION = YES;
				GCC_WARN_UNUSED_VARIABLE = YES;
				IPHONEOS_DEPLOYMENT_TARGET = 9.2;
				MTL_ENABLE_DEBUG_INFO = NO;
				SDKROOT = iphoneos;
				TARGETED_DEVICE_FAMILY = "1,2";
				VALIDATE_PRODUCT = YES;
			};
			name = Release;
		};
		28F3A2441C472ED6007C1453 /* Debug */ = {
			isa = XCBuildConfiguration;
			buildSettings = {
				ASSETCATALOG_COMPILER_APPICON_NAME = AppIcon;
				CLANG_ENABLE_MODULES = YES;
				INFOPLIST_FILE = OpenLibrary/Info.plist;
				IPHONEOS_DEPLOYMENT_TARGET = 9.2;
				LD_RUNPATH_SEARCH_PATHS = "$(inherited) @executable_path/Frameworks";
				PRODUCT_BUNDLE_IDENTIFIER = billy.OpenLibrary;
				PRODUCT_NAME = "$(TARGET_NAME)";
				SWIFT_OPTIMIZATION_LEVEL = "-Onone";
			};
			name = Debug;
		};
		28F3A2451C472ED6007C1453 /* Release */ = {
			isa = XCBuildConfiguration;
			buildSettings = {
				ASSETCATALOG_COMPILER_APPICON_NAME = AppIcon;
				CLANG_ENABLE_MODULES = YES;
				INFOPLIST_FILE = OpenLibrary/Info.plist;
				IPHONEOS_DEPLOYMENT_TARGET = 9.2;
				LD_RUNPATH_SEARCH_PATHS = "$(inherited) @executable_path/Frameworks";
				PRODUCT_BUNDLE_IDENTIFIER = billy.OpenLibrary;
				PRODUCT_NAME = "$(TARGET_NAME)";
			};
			name = Release;
		};
/* End XCBuildConfiguration section */

/* Begin XCConfigurationList section */
		28F3A22C1C472ED5007C1453 /* Build configuration list for PBXProject "OpenLibrary" */ = {
			isa = XCConfigurationList;
			buildConfigurations = (
				28F3A2411C472ED6007C1453 /* Debug */,
				28F3A2421C472ED6007C1453 /* Release */,
			);
			defaultConfigurationIsVisible = 0;
			defaultConfigurationName = Release;
		};
		28F3A2431C472ED6007C1453 /* Build configuration list for PBXNativeTarget "OpenLibrary" */ = {
			isa = XCConfigurationList;
			buildConfigurations = (
				28F3A2441C472ED6007C1453 /* Debug */,
				28F3A2451C472ED6007C1453 /* Release */,
			);
			defaultConfigurationIsVisible = 0;
			defaultConfigurationName = Release;
		};
/* End XCConfigurationList section */

/* Begin XCVersionGroup section */
		2820460E1C6529720077C7E6 /* OpenLibrary.xcdatamodeld */ = {
			isa = XCVersionGroup;
			children = (
				2820460F1C6529720077C7E6 /* OpenLibrary.xcdatamodel */,
			);
			currentVersion = 2820460F1C6529720077C7E6 /* OpenLibrary.xcdatamodel */;
			path = OpenLibrary.xcdatamodeld;
			sourceTree = "<group>";
			versionGroupType = wrapper.xcdatamodel;
		};
/* End XCVersionGroup section */
	};
	rootObject = 28F3A2291C472ED5007C1453 /* Project object */;
}
